
Microsoft Visual Studio Solution File, Format Version 12.00
# Visual Studio Version 17
VisualStudioVersion = 17.12.35514.174
MinimumVisualStudioVersion = 10.0.40219.1
Project("{FAE04EC0-301F-11D3-BF4B-00C04F79EFBC}") = "BookStoreApp.API", "BookStoreApp.API\BookStoreApp.API.csproj", "{BB520503-7428-4B7A-A85C-206CE32A0DF5}"
EndProject
Project("{FAE04EC0-301F-11D3-BF4B-00C04F79EFBC}") = "BlazorAppBlazor.Server.UI", "BlazorAppBlazor.Server.UI\BlazorAppBlazor.Server.UI.csproj", "{98B84762-A77B-4E1F-85A9-4499706A765B}"
EndProject
Global
	GlobalSection(SolutionConfigurationPlatforms) = preSolution
		Debug|Any CPU = Debug|Any CPU
		Release|Any CPU = Release|Any CPU
	EndGlobalSection
	GlobalSection(ProjectConfigurationPlatforms) = postSolution
		{BB520503-7428-4B7A-A85C-206CE32A0DF5}.Debug|Any CPU.ActiveCfg = Debug|Any CPU
		{BB520503-7428-4B7A-A85C-206CE32A0DF5}.Debug|Any CPU.Build.0 = Debug|Any CPU
		{BB520503-7428-4B7A-A85C-206CE32A0DF5}.Release|Any CPU.ActiveCfg = Release|Any CPU
		{BB520503-7428-4B7A-A85C-206CE32A0DF5}.Release|Any CPU.Build.0 = Release|Any CPU
		{98B84762-A77B-4E1F-85A9-4499706A765B}.Debug|Any CPU.ActiveCfg = Debug|Any CPU
		{98B84762-A77B-4E1F-85A9-4499706A765B}.Debug|Any CPU.Build.0 = Debug|Any CPU
		{98B84762-A77B-4E1F-85A9-4499706A765B}.Release|Any CPU.ActiveCfg = Release|Any CPU
		{98B84762-A77B-4E1F-85A9-4499706A765B}.Release|Any CPU.Build.0 = Release|Any CPU
	EndGlobalSection
	GlobalSection(SolutionProperties) = preSolution
		HideSolutionNode = FALSE
	EndGlobalSection
	GlobalSection(ExtensibilityGlobals) = postSolution
		SolutionGuid = {3132E7A8-7F0B-4A19-85E3-AF1F82CD6E59}
	EndGlobalSection
EndGlobal
